
Microsoft Visual Studio Solution File, Format Version 12.00
# Visual Studio Version 17
VisualStudioVersion = 17.3.32929.385
MinimumVisualStudioVersion = 10.0.40219.1
Project("{FAE04EC0-301F-11D3-BF4B-00C04F79EFBC}") = "Hospital", "Hospital.csproj", "{324AD854-C123-4541-BADD-05E8AD75874B}"
EndProject
Global
	GlobalSection(SolutionConfigurationPlatforms) = preSolution
		Debug|Any CPU = Debug|Any CPU
		Release|Any CPU = Release|Any CPU
	EndGlobalSection
	GlobalSection(ProjectConfigurationPlatforms) = postSolution
		{324AD854-C123-4541-BADD-05E8AD75874B}.Debug|Any CPU.ActiveCfg = Debug|Any CPU
		{324AD854-C123-4541-BADD-05E8AD75874B}.Debug|Any CPU.Build.0 = Debug|Any CPU
		{324AD854-C123-4541-BADD-05E8AD75874B}.Release|Any CPU.ActiveCfg = Release|Any CPU
		{324AD854-C123-4541-BADD-05E8AD75874B}.Release|Any CPU.Build.0 = Release|Any CPU
	EndGlobalSection
	GlobalSection(SolutionProperties) = preSolution
		HideSolutionNode = FALSE
	EndGlobalSection
	GlobalSection(ExtensibilityGlobals) = postSolution
		SolutionGuid = {B47D0200-3722-4CD6-B3F5-65922378740A}
	EndGlobalSection
EndGlobal
